<?xml version="1.0"?>
<Project ToolsVersion="4.0" xmlns="http://schemas.microsoft.com/developer/msbuild/2003">
	<ItemGroup>
		<ClCompile Include="src\ofApp.cpp">
			<Filter>src</Filter>
		</ClCompile>
		<ClCompile Include="src\main.cpp">
			<Filter>src</Filter>
		</ClCompile>
		<ClCompile Include="src\main.cpp">
			<Filter>src</Filter>
		</ClCompile>
		<ClCompile Include="src\ofApp.cpp">
			<Filter>src</Filter>
		</ClCompile>
		<ClCompile Include="..\..\..\addons\ofxFft\src\ofxEasyFft.cpp">
			<Filter>addons\ofxFft\src</Filter>
		</ClCompile>
		<ClCompile Include="..\..\..\addons\ofxFft\src\ofxFft.cpp">
			<Filter>addons\ofxFft\src</Filter>
		</ClCompile>
		<ClCompile Include="..\..\..\addons\ofxFft\src\ofxFftBasic.cpp">
			<Filter>addons\ofxFft\src</Filter>
		</ClCompile>
		<ClCompile Include="..\..\..\addons\ofxFft\src\ofxFftw.cpp">
			<Filter>addons\ofxFft\src</Filter>
		</ClCompile>
		<ClCompile Include="..\..\..\addons\ofxFft\src\ofxProcessFFT.cpp">
			<Filter>addons\ofxFft\src</Filter>
		</ClCompile>
		<ClCompile Include="..\..\..\addons\ofxFft\libs\kiss\kiss_fft.c">
			<Filter>addons\ofxFft\libs\kiss</Filter>
		</ClCompile>
		<ClCompile Include="..\..\..\addons\ofxFft\libs\kiss\kiss_fftr.c">
			<Filter>addons\ofxFft\libs\kiss</Filter>
		</ClCompile>
	</ItemGroup>
	<ItemGroup>
		<Filter Include="src">
			<UniqueIdentifier>{d8376475-7454-4a24-b08a-aac121d3ad6f}</UniqueIdentifier>
		</Filter>
		<Filter Include="addons">
			<UniqueIdentifier>{1B81CCA7--8C8-5-4F-08-9-725-7660B8293419}</UniqueIdentifier>
		</Filter>
		<Filter Include="addons\ofxFft">
			<UniqueIdentifier>{F6F46117--0B1-1-4B-CA-9-E1B-1238117ED38C}</UniqueIdentifier>
		</Filter>
		<Filter Include="addons\ofxFft\src">
			<UniqueIdentifier>{8BEDB09D--E91-D-43-C1-8-008-AF54A385E134}</UniqueIdentifier>
		</Filter>
		<Filter Include="addons\ofxFft\libs">
			<UniqueIdentifier>{C11C677B--219-C-4D-CA-B-C33-62AE3C4CEE33}</UniqueIdentifier>
		</Filter>
		<Filter Include="addons\ofxFft\libs\fftw">
			<UniqueIdentifier>{61BE649C--F32-6-4B-F6-9-F49-CBB89A4AC529}</UniqueIdentifier>
		</Filter>
		<Filter Include="addons\ofxFft\libs\fftw\include">
			<UniqueIdentifier>{E1F90CAE--956-6-4A-DD-8-A4C-B994AC1A7D73}</UniqueIdentifier>
		</Filter>
		<Filter Include="addons\ofxFft\libs\kiss">
			<UniqueIdentifier>{D11E18AC--60D-6-49-05-8-534-6385DBD9E0DA}</UniqueIdentifier>
		</Filter>
	</ItemGroup>
	<ItemGroup>
		<ClInclude Include="src\ofApp.h">
			<Filter>src</Filter>
		</ClInclude>
		<ClInclude Include="src\ofApp.h">
			<Filter>src</Filter>
		</ClInclude>
		<ClInclude Include="..\..\..\addons\ofxFft\src\ofxEasyFft.h">
			<Filter>addons\ofxFft\src</Filter>
		</ClInclude>
		<ClInclude Include="..\..\..\addons\ofxFft\src\ofxFft.h">
			<Filter>addons\ofxFft\src</Filter>
		</ClInclude>
		<ClInclude Include="..\..\..\addons\ofxFft\src\ofxFftBasic.h">
			<Filter>addons\ofxFft\src</Filter>
		</ClInclude>
		<ClInclude Include="..\..\..\addons\ofxFft\src\ofxFftw.h">
			<Filter>addons\ofxFft\src</Filter>
		</ClInclude>
		<ClInclude Include="..\..\..\addons\ofxFft\src\ofxProcessFFT.h">
			<Filter>addons\ofxFft\src</Filter>
		</ClInclude>
		<ClInclude Include="..\..\..\addons\ofxFft\libs\fftw\include\fftw3.h">
			<Filter>addons\ofxFft\libs\fftw\include</Filter>
		</ClInclude>
		<ClInclude Include="..\..\..\addons\ofxFft\libs\kiss\kiss_fft.h">
			<Filter>addons\ofxFft\libs\kiss</Filter>
		</ClInclude>
		<ClInclude Include="..\..\..\addons\ofxFft\libs\kiss\kiss_fftr.h">
			<Filter>addons\ofxFft\libs\kiss</Filter>
		</ClInclude>
		<ClInclude Include="..\..\..\addons\ofxFft\libs\kiss\_kiss_fft_guts.h">
			<Filter>addons\ofxFft\libs\kiss</Filter>
		</ClInclude>
	</ItemGroup>
	<ItemGroup>
		<ResourceCompile Include="icon.rc" />
	</ItemGroup>
</Project>
