<?xml version="1.0"?>
<Project ToolsVersion="4.0" xmlns="http://schemas.microsoft.com/developer/msbuild/2003">
	<ItemGroup>
		<ClCompile Include="src\ofApp.cpp">
			<Filter>src</Filter>
		</ClCompile>
		<ClCompile Include="src\main.cpp">
			<Filter>src</Filter>
		</ClCompile>
		<ClCompile Include="src\main.cpp">
			<Filter>src</Filter>
		</ClCompile>
		<ClCompile Include="src\ofApp.cpp">
			<Filter>src</Filter>
		</ClCompile>
		<ClCompile Include="..\..\..\addons\ofxFft\src\ofxEasyFft.cpp">
			<Filter>addons\ofxFft\src</Filter>
		</ClCompile>
		<ClCompile Include="..\..\..\addons\ofxFft\src\ofxFft.cpp">
			<Filter>addons\ofxFft\src</Filter>
		</ClCompile>
		<ClCompile Include="..\..\..\addons\ofxFft\src\ofxFftBasic.cpp">
			<Filter>addons\ofxFft\src</Filter>
		</ClCompile>
		<ClCompile Include="..\..\..\addons\ofxFft\src\ofxFftw.cpp">
			<Filter>addons\ofxFft\src</Filter>
		</ClCompile>
		<ClCompile Include="..\..\..\addons\ofxFft\src\ofxProcessFFT.cpp">
			<Filter>addons\ofxFft\src</Filter>
		</ClCompile>
		<ClCompile Include="..\..\..\addons\ofxFft\libs\kiss\kiss_fft.c">
			<Filter>addons\ofxFft\libs\kiss</Filter>
		</ClCompile>
		<ClCompile Include="..\..\..\addons\ofxFft\libs\kiss\kiss_fftr.c">
			<Filter>addons\ofxFft\libs\kiss</Filter>
		</ClCompile>
		<ClCompile Include="..\..\..\addons\ofxGui\src\ofxBaseGui.cpp">
			<Filter>addons\ofxGui\src</Filter>
		</ClCompile>
		<ClCompile Include="..\..\..\addons\ofxGui\src\ofxButton.cpp">
			<Filter>addons\ofxGui\src</Filter>
		</ClCompile>
		<ClCompile Include="..\..\..\addons\ofxGui\src\ofxColorPicker.cpp">
			<Filter>addons\ofxGui\src</Filter>
		</ClCompile>
		<ClCompile Include="..\..\..\addons\ofxGui\src\ofxGuiGroup.cpp">
			<Filter>addons\ofxGui\src</Filter>
		</ClCompile>
		<ClCompile Include="..\..\..\addons\ofxGui\src\ofxInputField.cpp">
			<Filter>addons\ofxGui\src</Filter>
		</ClCompile>
		<ClCompile Include="..\..\..\addons\ofxGui\src\ofxLabel.cpp">
			<Filter>addons\ofxGui\src</Filter>
		</ClCompile>
		<ClCompile Include="..\..\..\addons\ofxGui\src\ofxPanel.cpp">
			<Filter>addons\ofxGui\src</Filter>
		</ClCompile>
		<ClCompile Include="..\..\..\addons\ofxGui\src\ofxSlider.cpp">
			<Filter>addons\ofxGui\src</Filter>
		</ClCompile>
		<ClCompile Include="..\..\..\addons\ofxGui\src\ofxSliderGroup.cpp">
			<Filter>addons\ofxGui\src</Filter>
		</ClCompile>
		<ClCompile Include="..\..\..\addons\ofxGui\src\ofxToggle.cpp">
			<Filter>addons\ofxGui\src</Filter>
		</ClCompile>
	</ItemGroup>
	<ItemGroup>
		<Filter Include="src">
			<UniqueIdentifier>{d8376475-7454-4a24-b08a-aac121d3ad6f}</UniqueIdentifier>
		</Filter>
		<Filter Include="addons">
			<UniqueIdentifier>{3673711F--FC4-E-49-A4-B-88F-BE96D3067AFA}</UniqueIdentifier>
		</Filter>
		<Filter Include="addons\ofxFft">
			<UniqueIdentifier>{B1584053--BA5-D-45-85-9-3C4-9CE0D0F15C10}</UniqueIdentifier>
		</Filter>
		<Filter Include="addons\ofxFft\src">
			<UniqueIdentifier>{CF241DD1--D62-F-4C-9D-8-663-B91A9169ABA9}</UniqueIdentifier>
		</Filter>
		<Filter Include="addons\ofxFft\libs">
			<UniqueIdentifier>{D06511C9--517-D-42-8F-A-801-49094F840B6C}</UniqueIdentifier>
		</Filter>
		<Filter Include="addons\ofxFft\libs\fftw">
			<UniqueIdentifier>{1C2B9444--581-1-45-29-A-9C7-6FE7DB74825A}</UniqueIdentifier>
		</Filter>
		<Filter Include="addons\ofxFft\libs\fftw\include">
			<UniqueIdentifier>{BC00E528--14E-A-4C-03-B-BA2-574E0CDD9D51}</UniqueIdentifier>
		</Filter>
		<Filter Include="addons\ofxFft\libs\kiss">
			<UniqueIdentifier>{DFA3AF07--5B7-9-43-EB-B-3B9-A82B9BA02A0C}</UniqueIdentifier>
		</Filter>
		<Filter Include="addons\ofxGui">
			<UniqueIdentifier>{EFC46897--A28-2-48-C0-9-238-2B902D447BD7}</UniqueIdentifier>
		</Filter>
		<Filter Include="addons\ofxGui\src">
			<UniqueIdentifier>{89DBFB8A--195-D-45-48-A-31F-00EF5CBA2361}</UniqueIdentifier>
		</Filter>
	</ItemGroup>
	<ItemGroup>
		<ClInclude Include="src\ofApp.h">
			<Filter>src</Filter>
		</ClInclude>
		<ClInclude Include="src\ofApp.h">
			<Filter>src</Filter>
		</ClInclude>
		<ClInclude Include="..\..\..\addons\ofxFft\src\ofxEasyFft.h">
			<Filter>addons\ofxFft\src</Filter>
		</ClInclude>
		<ClInclude Include="..\..\..\addons\ofxFft\src\ofxFft.h">
			<Filter>addons\ofxFft\src</Filter>
		</ClInclude>
		<ClInclude Include="..\..\..\addons\ofxFft\src\ofxFftBasic.h">
			<Filter>addons\ofxFft\src</Filter>
		</ClInclude>
		<ClInclude Include="..\..\..\addons\ofxFft\src\ofxFftw.h">
			<Filter>addons\ofxFft\src</Filter>
		</ClInclude>
		<ClInclude Include="..\..\..\addons\ofxFft\src\ofxProcessFFT.h">
			<Filter>addons\ofxFft\src</Filter>
		</ClInclude>
		<ClInclude Include="..\..\..\addons\ofxFft\libs\fftw\include\fftw3.h">
			<Filter>addons\ofxFft\libs\fftw\include</Filter>
		</ClInclude>
		<ClInclude Include="..\..\..\addons\ofxFft\libs\kiss\kiss_fft.h">
			<Filter>addons\ofxFft\libs\kiss</Filter>
		</ClInclude>
		<ClInclude Include="..\..\..\addons\ofxFft\libs\kiss\kiss_fftr.h">
			<Filter>addons\ofxFft\libs\kiss</Filter>
		</ClInclude>
		<ClInclude Include="..\..\..\addons\ofxFft\libs\kiss\_kiss_fft_guts.h">
			<Filter>addons\ofxFft\libs\kiss</Filter>
		</ClInclude>
		<ClInclude Include="..\..\..\addons\ofxGui\src\ofxBaseGui.h">
			<Filter>addons\ofxGui\src</Filter>
		</ClInclude>
		<ClInclude Include="..\..\..\addons\ofxGui\src\ofxButton.h">
			<Filter>addons\ofxGui\src</Filter>
		</ClInclude>
		<ClInclude Include="..\..\..\addons\ofxGui\src\ofxColorPicker.h">
			<Filter>addons\ofxGui\src</Filter>
		</ClInclude>
		<ClInclude Include="..\..\..\addons\ofxGui\src\ofxGui.h">
			<Filter>addons\ofxGui\src</Filter>
		</ClInclude>
		<ClInclude Include="..\..\..\addons\ofxGui\src\ofxGuiGroup.h">
			<Filter>addons\ofxGui\src</Filter>
		</ClInclude>
		<ClInclude Include="..\..\..\addons\ofxGui\src\ofxGuiUtils.h">
			<Filter>addons\ofxGui\src</Filter>
		</ClInclude>
		<ClInclude Include="..\..\..\addons\ofxGui\src\ofxInputField.h">
			<Filter>addons\ofxGui\src</Filter>
		</ClInclude>
		<ClInclude Include="..\..\..\addons\ofxGui\src\ofxLabel.h">
			<Filter>addons\ofxGui\src</Filter>
		</ClInclude>
		<ClInclude Include="..\..\..\addons\ofxGui\src\ofxPanel.h">
			<Filter>addons\ofxGui\src</Filter>
		</ClInclude>
		<ClInclude Include="..\..\..\addons\ofxGui\src\ofxSlider.h">
			<Filter>addons\ofxGui\src</Filter>
		</ClInclude>
		<ClInclude Include="..\..\..\addons\ofxGui\src\ofxSliderGroup.h">
			<Filter>addons\ofxGui\src</Filter>
		</ClInclude>
		<ClInclude Include="..\..\..\addons\ofxGui\src\ofxToggle.h">
			<Filter>addons\ofxGui\src</Filter>
		</ClInclude>
	</ItemGroup>
	<ItemGroup>
		<ResourceCompile Include="icon.rc" />
	</ItemGroup>
</Project>
