<?xml version="1.0"?>
<Project ToolsVersion="4.0" xmlns="http://schemas.microsoft.com/developer/msbuild/2003">
	<ItemGroup>
		<ClCompile Include="src\ofApp.cpp">
			<Filter>src</Filter>
		</ClCompile>
		<ClCompile Include="src\main.cpp">
			<Filter>src</Filter>
		</ClCompile>
		<ClCompile Include="src\main.cpp">
			<Filter>src</Filter>
		</ClCompile>
		<ClCompile Include="src\ofApp.cpp">
			<Filter>src</Filter>
		</ClCompile>
		<ClCompile Include="..\..\..\addons\ofxFft\src\ofxEasyFft.cpp">
			<Filter>addons\ofxFft\src</Filter>
		</ClCompile>
		<ClCompile Include="..\..\..\addons\ofxFft\src\ofxFft.cpp">
			<Filter>addons\ofxFft\src</Filter>
		</ClCompile>
		<ClCompile Include="..\..\..\addons\ofxFft\src\ofxFftBasic.cpp">
			<Filter>addons\ofxFft\src</Filter>
		</ClCompile>
		<ClCompile Include="..\..\..\addons\ofxFft\src\ofxFftw.cpp">
			<Filter>addons\ofxFft\src</Filter>
		</ClCompile>
		<ClCompile Include="..\..\..\addons\ofxFft\src\ofxProcessFFT.cpp">
			<Filter>addons\ofxFft\src</Filter>
		</ClCompile>
		<ClCompile Include="..\..\..\addons\ofxFft\libs\kiss\kiss_fft.c">
			<Filter>addons\ofxFft\libs\kiss</Filter>
		</ClCompile>
		<ClCompile Include="..\..\..\addons\ofxFft\libs\kiss\kiss_fftr.c">
			<Filter>addons\ofxFft\libs\kiss</Filter>
		</ClCompile>
	</ItemGroup>
	<ItemGroup>
		<Filter Include="src">
			<UniqueIdentifier>{d8376475-7454-4a24-b08a-aac121d3ad6f}</UniqueIdentifier>
		</Filter>
		<Filter Include="addons">
			<UniqueIdentifier>{F2CD7CBC--B55-7-43-98-9-5DD-98169A3BE9BA}</UniqueIdentifier>
		</Filter>
		<Filter Include="addons\ofxFft">
			<UniqueIdentifier>{A49EF0C5--9FE-3-43-9B-8-424-8CA61A892041}</UniqueIdentifier>
		</Filter>
		<Filter Include="addons\ofxFft\src">
			<UniqueIdentifier>{51950F5A--D81-9-41-BD-B-ADB-9C000AF0ACBF}</UniqueIdentifier>
		</Filter>
		<Filter Include="addons\ofxFft\libs">
			<UniqueIdentifier>{7F048B7C--BEA-8-43-E1-A-A88-F022772C9376}</UniqueIdentifier>
		</Filter>
		<Filter Include="addons\ofxFft\libs\fftw">
			<UniqueIdentifier>{286565FC--08B-6-41-4C-B-223-CBD0BDB3C2DC}</UniqueIdentifier>
		</Filter>
		<Filter Include="addons\ofxFft\libs\fftw\include">
			<UniqueIdentifier>{C641CF35--AC7-B-4E-B7-B-942-746D9E78D1C6}</UniqueIdentifier>
		</Filter>
		<Filter Include="addons\ofxFft\libs\kiss">
			<UniqueIdentifier>{283502BA--EA2-C-45-9D-B-36B-50734837E516}</UniqueIdentifier>
		</Filter>
	</ItemGroup>
	<ItemGroup>
		<ClInclude Include="src\ofApp.h">
			<Filter>src</Filter>
		</ClInclude>
		<ClInclude Include="src\ofApp.h">
			<Filter>src</Filter>
		</ClInclude>
		<ClInclude Include="..\..\..\addons\ofxFft\src\ofxEasyFft.h">
			<Filter>addons\ofxFft\src</Filter>
		</ClInclude>
		<ClInclude Include="..\..\..\addons\ofxFft\src\ofxFft.h">
			<Filter>addons\ofxFft\src</Filter>
		</ClInclude>
		<ClInclude Include="..\..\..\addons\ofxFft\src\ofxFftBasic.h">
			<Filter>addons\ofxFft\src</Filter>
		</ClInclude>
		<ClInclude Include="..\..\..\addons\ofxFft\src\ofxFftw.h">
			<Filter>addons\ofxFft\src</Filter>
		</ClInclude>
		<ClInclude Include="..\..\..\addons\ofxFft\src\ofxProcessFFT.h">
			<Filter>addons\ofxFft\src</Filter>
		</ClInclude>
		<ClInclude Include="..\..\..\addons\ofxFft\libs\fftw\include\fftw3.h">
			<Filter>addons\ofxFft\libs\fftw\include</Filter>
		</ClInclude>
		<ClInclude Include="..\..\..\addons\ofxFft\libs\kiss\kiss_fft.h">
			<Filter>addons\ofxFft\libs\kiss</Filter>
		</ClInclude>
		<ClInclude Include="..\..\..\addons\ofxFft\libs\kiss\kiss_fftr.h">
			<Filter>addons\ofxFft\libs\kiss</Filter>
		</ClInclude>
		<ClInclude Include="..\..\..\addons\ofxFft\libs\kiss\_kiss_fft_guts.h">
			<Filter>addons\ofxFft\libs\kiss</Filter>
		</ClInclude>
	</ItemGroup>
	<ItemGroup>
		<ResourceCompile Include="icon.rc" />
	</ItemGroup>
</Project>
